// !$*UTF8*$!
{
	archiveVersion = 1;
	classes = {
	};
	objectVersion = 56;
	objects = {

/* Begin PBXBuildFile section */
		18AD98F42955647D005B27BC /* AppDelegate.swift in Sources */ = {isa = PBXBuildFile; fileRef = 18AD98F32955647D005B27BC /* AppDelegate.swift */; };
		18AD98F62955647D005B27BC /* SceneDelegate.swift in Sources */ = {isa = PBXBuildFile; fileRef = 18AD98F52955647D005B27BC /* SceneDelegate.swift */; };
		18AD98F82955647D005B27BC /* loginViewController.swift in Sources */ = {isa = PBXBuildFile; fileRef = 18AD98F72955647D005B27BC /* loginViewController.swift */; };
		18AD98FD29556480005B27BC /* Assets.xcassets in Resources */ = {isa = PBXBuildFile; fileRef = 18AD98FC29556480005B27BC /* Assets.xcassets */; };
		18AD990029556480005B27BC /* LaunchScreen.storyboard in Resources */ = {isa = PBXBuildFile; fileRef = 18AD98FE29556480005B27BC /* LaunchScreen.storyboard */; };
		18AD9908295566EA005B27BC /* loginView.swift in Sources */ = {isa = PBXBuildFile; fileRef = 18AD9907295566EA005B27BC /* loginView.swift */; };
		18AD990B29556719005B27BC /* onboardingContainerViewController.swift in Sources */ = {isa = PBXBuildFile; fileRef = 18AD990A29556719005B27BC /* onboardingContainerViewController.swift */; };
		18AD990D2955672C005B27BC /* onboardingViewController.swift in Sources */ = {isa = PBXBuildFile; fileRef = 18AD990C2955672C005B27BC /* onboardingViewController.swift */; };
		18AD991029556874005B27BC /* world.pdf in Resources */ = {isa = PBXBuildFile; fileRef = 18AD990F29556873005B27BC /* world.pdf */; };
		18AD99122955687B005B27BC /* delorean.pdf in Resources */ = {isa = PBXBuildFile; fileRef = 18AD99112955687B005B27BC /* delorean.pdf */; };
		18AD991429556882005B27BC /* thumbs.pdf in Resources */ = {isa = PBXBuildFile; fileRef = 18AD991329556882005B27BC /* thumbs.pdf */; };
/* End PBXBuildFile section */

/* Begin PBXFileReference section */
		18AD98F02955647D005B27BC /* BankingProject.app */ = {isa = PBXFileReference; explicitFileType = wrapper.application; includeInIndex = 0; path = BankingProject.app; sourceTree = BUILT_PRODUCTS_DIR; };
		18AD98F32955647D005B27BC /* AppDelegate.swift */ = {isa = PBXFileReference; lastKnownFileType = sourcecode.swift; path = AppDelegate.swift; sourceTree = "<group>"; };
		18AD98F52955647D005B27BC /* SceneDelegate.swift */ = {isa = PBXFileReference; lastKnownFileType = sourcecode.swift; path = SceneDelegate.swift; sourceTree = "<group>"; };
		18AD98F72955647D005B27BC /* loginViewController.swift */ = {isa = PBXFileReference; lastKnownFileType = sourcecode.swift; path = loginViewController.swift; sourceTree = "<group>"; };
		18AD98FC29556480005B27BC /* Assets.xcassets */ = {isa = PBXFileReference; lastKnownFileType = folder.assetcatalog; path = Assets.xcassets; sourceTree = "<group>"; };
		18AD98FF29556480005B27BC /* Base */ = {isa = PBXFileReference; lastKnownFileType = file.storyboard; name = Base; path = Base.lproj/LaunchScreen.storyboard; sourceTree = "<group>"; };
		18AD990129556480005B27BC /* Info.plist */ = {isa = PBXFileReference; lastKnownFileType = text.plist.xml; path = Info.plist; sourceTree = "<group>"; };
		18AD9907295566EA005B27BC /* loginView.swift */ = {isa = PBXFileReference; lastKnownFileType = sourcecode.swift; path = loginView.swift; sourceTree = "<group>"; };
		18AD990A29556719005B27BC /* onboardingContainerViewController.swift */ = {isa = PBXFileReference; lastKnownFileType = sourcecode.swift; path = onboardingContainerViewController.swift; sourceTree = "<group>"; };
		18AD990C2955672C005B27BC /* onboardingViewController.swift */ = {isa = PBXFileReference; lastKnownFileType = sourcecode.swift; path = onboardingViewController.swift; sourceTree = "<group>"; };
		18AD990F29556873005B27BC /* world.pdf */ = {isa = PBXFileReference; lastKnownFileType = image.pdf; path = world.pdf; sourceTree = "<group>"; };
		18AD99112955687B005B27BC /* delorean.pdf */ = {isa = PBXFileReference; lastKnownFileType = image.pdf; path = delorean.pdf; sourceTree = "<group>"; };
		18AD991329556882005B27BC /* thumbs.pdf */ = {isa = PBXFileReference; lastKnownFileType = image.pdf; path = thumbs.pdf; sourceTree = "<group>"; };
/* End PBXFileReference section */

/* Begin PBXFrameworksBuildPhase section */
		18AD98ED2955647D005B27BC /* Frameworks */ = {
			isa = PBXFrameworksBuildPhase;
			buildActionMask = 2147483647;
			files = (
			);
			runOnlyForDeploymentPostprocessing = 0;
		};
/* End PBXFrameworksBuildPhase section */

/* Begin PBXGroup section */
		18AD98E72955647D005B27BC = {
			isa = PBXGroup;
			children = (
				18AD98F22955647D005B27BC /* BankingProject */,
				18AD98F12955647D005B27BC /* Products */,
			);
			sourceTree = "<group>";
		};
		18AD98F12955647D005B27BC /* Products */ = {
			isa = PBXGroup;
			children = (
				18AD98F02955647D005B27BC /* BankingProject.app */,
			);
			name = Products;
			sourceTree = "<group>";
		};
		18AD98F22955647D005B27BC /* BankingProject */ = {
			isa = PBXGroup;
			children = (
				18AD9909295566FA005B27BC /* login */,
				18AD990E2955673E005B27BC /* onboarding */,
				18AD98F32955647D005B27BC /* AppDelegate.swift */,
				18AD98F52955647D005B27BC /* SceneDelegate.swift */,
				18AD98FC29556480005B27BC /* Assets.xcassets */,
				18AD98FE29556480005B27BC /* LaunchScreen.storyboard */,
				18AD990129556480005B27BC /* Info.plist */,
				18AD990F29556873005B27BC /* world.pdf */,
				18AD99112955687B005B27BC /* delorean.pdf */,
				18AD991329556882005B27BC /* thumbs.pdf */,
			);
			path = BankingProject;
			sourceTree = "<group>";
		};
		18AD9909295566FA005B27BC /* login */ = {
			isa = PBXGroup;
			children = (
				18AD9907295566EA005B27BC /* loginView.swift */,
				18AD98F72955647D005B27BC /* loginViewController.swift */,
			);
			path = login;
			sourceTree = "<group>";
		};
		18AD990E2955673E005B27BC /* onboarding */ = {
			isa = PBXGroup;
			children = (
				18AD990A29556719005B27BC /* onboardingContainerViewController.swift */,
				18AD990C2955672C005B27BC /* onboardingViewController.swift */,
			);
			path = onboarding;
			sourceTree = "<group>";
		};
/* End PBXGroup section */

/* Begin PBXNativeTarget section */
		18AD98EF2955647D005B27BC /* BankingProject */ = {
			isa = PBXNativeTarget;
			buildConfigurationList = 18AD990429556480005B27BC /* Build configuration list for PBXNativeTarget "BankingProject" */;
			buildPhases = (
				18AD98EC2955647D005B27BC /* Sources */,
				18AD98ED2955647D005B27BC /* Frameworks */,
				18AD98EE2955647D005B27BC /* Resources */,
			);
			buildRules = (
			);
			dependencies = (
			);
			name = BankingProject;
			productName = BankingProject;
			productReference = 18AD98F02955647D005B27BC /* BankingProject.app */;
			productType = "com.apple.product-type.application";
		};
/* End PBXNativeTarget section */

/* Begin PBXProject section */
		18AD98E82955647D005B27BC /* Project object */ = {
			isa = PBXProject;
			attributes = {
				BuildIndependentTargetsInParallel = 1;
				LastSwiftUpdateCheck = 1400;
				LastUpgradeCheck = 1400;
				TargetAttributes = {
					18AD98EF2955647D005B27BC = {
						CreatedOnToolsVersion = 14.0.1;
					};
				};
			};
			buildConfigurationList = 18AD98EB2955647D005B27BC /* Build configuration list for PBXProject "BankingProject" */;
			compatibilityVersion = "Xcode 14.0";
			developmentRegion = en;
			hasScannedForEncodings = 0;
			knownRegions = (
				en,
				Base,
			);
			mainGroup = 18AD98E72955647D005B27BC;
			productRefGroup = 18AD98F12955647D005B27BC /* Products */;
			projectDirPath = "";
			projectRoot = "";
			targets = (
				18AD98EF2955647D005B27BC /* BankingProject */,
			);
		};
/* End PBXProject section */

/* Begin PBXResourcesBuildPhase section */
		18AD98EE2955647D005B27BC /* Resources */ = {
			isa = PBXResourcesBuildPhase;
			buildActionMask = 2147483647;
			files = (
				18AD991029556874005B27BC /* world.pdf in Resources */,
				18AD990029556480005B27BC /* LaunchScreen.storyboard in Resources */,
				18AD99122955687B005B27BC /* delorean.pdf in Resources */,
				18AD98FD29556480005B27BC /* Assets.xcassets in Resources */,
				18AD991429556882005B27BC /* thumbs.pdf in Resources */,
			);
			runOnlyForDeploymentPostprocessing = 0;
		};
/* End PBXResourcesBuildPhase section */

/* Begin PBXSourcesBuildPhase section */
		18AD98EC2955647D005B27BC /* Sources */ = {
			isa = PBXSourcesBuildPhase;
			buildActionMask = 2147483647;
			files = (
				18AD98F82955647D005B27BC /* loginViewController.swift in Sources */,
				18AD990B29556719005B27BC /* onboardingContainerViewController.swift in Sources */,
				18AD98F42955647D005B27BC /* AppDelegate.swift in Sources */,
				18AD990D2955672C005B27BC /* onboardingViewController.swift in Sources */,
				18AD9908295566EA005B27BC /* loginView.swift in Sources */,
				18AD98F62955647D005B27BC /* SceneDelegate.swift in Sources */,
			);
			runOnlyForDeploymentPostprocessing = 0;
		};
/* End PBXSourcesBuildPhase section */

/* Begin PBXVariantGroup section */
		18AD98FE29556480005B27BC /* LaunchScreen.storyboard */ = {
			isa = PBXVariantGroup;
			children = (
				18AD98FF29556480005B27BC /* Base */,
			);
			name = LaunchScreen.storyboard;
			sourceTree = "<group>";
		};
/* End PBXVariantGroup section */

/* Begin XCBuildConfiguration section */
		18AD990229556480005B27BC /* Debug */ = {
			isa = XCBuildConfiguration;
			buildSettings = {
				ALWAYS_SEARCH_USER_PATHS = NO;
				CLANG_ANALYZER_NONNULL = YES;
				CLANG_ANALYZER_NUMBER_OBJECT_CONVERSION = YES_AGGRESSIVE;
				CLANG_CXX_LANGUAGE_STANDARD = "gnu++20";
				CLANG_ENABLE_MODULES = YES;
				CLANG_ENABLE_OBJC_ARC = YES;
				CLANG_ENABLE_OBJC_WEAK = YES;
				CLANG_WARN_BLOCK_CAPTURE_AUTORELEASING = YES;
				CLANG_WARN_BOOL_CONVERSION = YES;
				CLANG_WARN_COMMA = YES;
				CLANG_WARN_CONSTANT_CONVERSION = YES;
				CLANG_WARN_DEPRECATED_OBJC_IMPLEMENTATIONS = YES;
				CLANG_WARN_DIRECT_OBJC_ISA_USAGE = YES_ERROR;
				CLANG_WARN_DOCUMENTATION_COMMENTS = YES;
				CLANG_WARN_EMPTY_BODY = YES;
				CLANG_WARN_ENUM_CONVERSION = YES;
				CLANG_WARN_INFINITE_RECURSION = YES;
				CLANG_WARN_INT_CONVERSION = YES;
				CLANG_WARN_NON_LITERAL_NULL_CONVERSION = YES;
				CLANG_WARN_OBJC_IMPLICIT_RETAIN_SELF = YES;
				CLANG_WARN_OBJC_LITERAL_CONVERSION = YES;
				CLANG_WARN_OBJC_ROOT_CLASS = YES_ERROR;
				CLANG_WARN_QUOTED_INCLUDE_IN_FRAMEWORK_HEADER = YES;
				CLANG_WARN_RANGE_LOOP_ANALYSIS = YES;
				CLANG_WARN_STRICT_PROTOTYPES = YES;
				CLANG_WARN_SUSPICIOUS_MOVE = YES;
				CLANG_WARN_UNGUARDED_AVAILABILITY = YES_AGGRESSIVE;
				CLANG_WARN_UNREACHABLE_CODE = YES;
				CLANG_WARN__DUPLICATE_METHOD_MATCH = YES;
				COPY_PHASE_STRIP = NO;
				DEBUG_INFORMATION_FORMAT = dwarf;
				ENABLE_STRICT_OBJC_MSGSEND = YES;
				ENABLE_TESTABILITY = YES;
				GCC_C_LANGUAGE_STANDARD = gnu11;
				GCC_DYNAMIC_NO_PIC = NO;
				GCC_NO_COMMON_BLOCKS = YES;
				GCC_OPTIMIZATION_LEVEL = 0;
				GCC_PREPROCESSOR_DEFINITIONS = (
					"DEBUG=1",
					"$(inherited)",
				);
				GCC_WARN_64_TO_32_BIT_CONVERSION = YES;
				GCC_WARN_ABOUT_RETURN_TYPE = YES_ERROR;
				GCC_WARN_UNDECLARED_SELECTOR = YES;
				GCC_WARN_UNINITIALIZED_AUTOS = YES_AGGRESSIVE;
				GCC_WARN_UNUSED_FUNCTION = YES;
				GCC_WARN_UNUSED_VARIABLE = YES;
				IPHONEOS_DEPLOYMENT_TARGET = 16.0;
				MTL_ENABLE_DEBUG_INFO = INCLUDE_SOURCE;
				MTL_FAST_MATH = YES;
				ONLY_ACTIVE_ARCH = YES;
				SDKROOT = iphoneos;
				SWIFT_ACTIVE_COMPILATION_CONDITIONS = DEBUG;
				SWIFT_OPTIMIZATION_LEVEL = "-Onone";
			};
			name = Debug;
		};
		18AD990329556480005B27BC /* Release */ = {
			isa = XCBuildConfiguration;
			buildSettings = {
				ALWAYS_SEARCH_USER_PATHS = NO;
				CLANG_ANALYZER_NONNULL = YES;
				CLANG_ANALYZER_NUMBER_OBJECT_CONVERSION = YES_AGGRESSIVE;
				CLANG_CXX_LANGUAGE_STANDARD = "gnu++20";
				CLANG_ENABLE_MODULES = YES;
				CLANG_ENABLE_OBJC_ARC = YES;
				CLANG_ENABLE_OBJC_WEAK = YES;
				CLANG_WARN_BLOCK_CAPTURE_AUTORELEASING = YES;
				CLANG_WARN_BOOL_CONVERSION = YES;
				CLANG_WARN_COMMA = YES;
				CLANG_WARN_CONSTANT_CONVERSION = YES;
				CLANG_WARN_DEPRECATED_OBJC_IMPLEMENTATIONS = YES;
				CLANG_WARN_DIRECT_OBJC_ISA_USAGE = YES_ERROR;
				CLANG_WARN_DOCUMENTATION_COMMENTS = YES;
				CLANG_WARN_EMPTY_BODY = YES;
				CLANG_WARN_ENUM_CONVERSION = YES;
				CLANG_WARN_INFINITE_RECURSION = YES;
				CLANG_WARN_INT_CONVERSION = YES;
				CLANG_WARN_NON_LITERAL_NULL_CONVERSION = YES;
				CLANG_WARN_OBJC_IMPLICIT_RETAIN_SELF = YES;
				CLANG_WARN_OBJC_LITERAL_CONVERSION = YES;
				CLANG_WARN_OBJC_ROOT_CLASS = YES_ERROR;
				CLANG_WARN_QUOTED_INCLUDE_IN_FRAMEWORK_HEADER = YES;
				CLANG_WARN_RANGE_LOOP_ANALYSIS = YES;
				CLANG_WARN_STRICT_PROTOTYPES = YES;
				CLANG_WARN_SUSPICIOUS_MOVE = YES;
				CLANG_WARN_UNGUARDED_AVAILABILITY = YES_AGGRESSIVE;
				CLANG_WARN_UNREACHABLE_CODE = YES;
				CLANG_WARN__DUPLICATE_METHOD_MATCH = YES;
				COPY_PHASE_STRIP = NO;
				DEBUG_INFORMATION_FORMAT = "dwarf-with-dsym";
				ENABLE_NS_ASSERTIONS = NO;
				ENABLE_STRICT_OBJC_MSGSEND = YES;
				GCC_C_LANGUAGE_STANDARD = gnu11;
				GCC_NO_COMMON_BLOCKS = YES;
				GCC_WARN_64_TO_32_BIT_CONVERSION = YES;
				GCC_WARN_ABOUT_RETURN_TYPE = YES_ERROR;
				GCC_WARN_UNDECLARED_SELECTOR = YES;
				GCC_WARN_UNINITIALIZED_AUTOS = YES_AGGRESSIVE;
				GCC_WARN_UNUSED_FUNCTION = YES;
				GCC_WARN_UNUSED_VARIABLE = YES;
				IPHONEOS_DEPLOYMENT_TARGET = 16.0;
				MTL_ENABLE_DEBUG_INFO = NO;
				MTL_FAST_MATH = YES;
				SDKROOT = iphoneos;
				SWIFT_COMPILATION_MODE = wholemodule;
				SWIFT_OPTIMIZATION_LEVEL = "-O";
				VALIDATE_PRODUCT = YES;
			};
			name = Release;
		};
		18AD990529556480005B27BC /* Debug */ = {
			isa = XCBuildConfiguration;
			buildSettings = {
				ASSETCATALOG_COMPILER_APPICON_NAME = AppIcon;
				ASSETCATALOG_COMPILER_GLOBAL_ACCENT_COLOR_NAME = AccentColor;
				CODE_SIGN_STYLE = Automatic;
				CURRENT_PROJECT_VERSION = 1;
				GENERATE_INFOPLIST_FILE = YES;
				INFOPLIST_FILE = BankingProject/Info.plist;
				INFOPLIST_KEY_UIApplicationSupportsIndirectInputEvents = YES;
				INFOPLIST_KEY_UILaunchStoryboardName = LaunchScreen;
				INFOPLIST_KEY_UIMainStoryboardFile = "";
				INFOPLIST_KEY_UISupportedInterfaceOrientations_iPad = "UIInterfaceOrientationPortrait UIInterfaceOrientationPortraitUpsideDown UIInterfaceOrientationLandscapeLeft UIInterfaceOrientationLandscapeRight";
				INFOPLIST_KEY_UISupportedInterfaceOrientations_iPhone = "UIInterfaceOrientationPortrait UIInterfaceOrientationLandscapeLeft UIInterfaceOrientationLandscapeRight";
				LD_RUNPATH_SEARCH_PATHS = (
					"$(inherited)",
					"@executable_path/Frameworks",
				);
				MARKETING_VERSION = 1.0;
				PRODUCT_BUNDLE_IDENTIFIER = com.kavya.BankingProject;
				PRODUCT_NAME = "$(TARGET_NAME)";
				SWIFT_EMIT_LOC_STRINGS = YES;
				SWIFT_VERSION = 5.0;
				TARGETED_DEVICE_FAMILY = "1,2";
			};
			name = Debug;
		};
		18AD990629556480005B27BC /* Release */ = {
			isa = XCBuildConfiguration;
			buildSettings = {
				ASSETCATALOG_COMPILER_APPICON_NAME = AppIcon;
				ASSETCATALOG_COMPILER_GLOBAL_ACCENT_COLOR_NAME = AccentColor;
				CODE_SIGN_STYLE = Automatic;
				CURRENT_PROJECT_VERSION = 1;
				GENERATE_INFOPLIST_FILE = YES;
				INFOPLIST_FILE = BankingProject/Info.plist;
				INFOPLIST_KEY_UIApplicationSupportsIndirectInputEvents = YES;
				INFOPLIST_KEY_UILaunchStoryboardName = LaunchScreen;
				INFOPLIST_KEY_UIMainStoryboardFile = "";
				INFOPLIST_KEY_UISupportedInterfaceOrientations_iPad = "UIInterfaceOrientationPortrait UIInterfaceOrientationPortraitUpsideDown UIInterfaceOrientationLandscapeLeft UIInterfaceOrientationLandscapeRight";
				INFOPLIST_KEY_UISupportedInterfaceOrientations_iPhone = "UIInterfaceOrientationPortrait UIInterfaceOrientationLandscapeLeft UIInterfaceOrientationLandscapeRight";
				LD_RUNPATH_SEARCH_PATHS = (
					"$(inherited)",
					"@executable_path/Frameworks",
				);
				MARKETING_VERSION = 1.0;
				PRODUCT_BUNDLE_IDENTIFIER = com.kavya.BankingProject;
				PRODUCT_NAME = "$(TARGET_NAME)";
				SWIFT_EMIT_LOC_STRINGS = YES;
				SWIFT_VERSION = 5.0;
				TARGETED_DEVICE_FAMILY = "1,2";
			};
			name = Release;
		};
/* End XCBuildConfiguration section */

/* Begin XCConfigurationList section */
		18AD98EB2955647D005B27BC /* Build configuration list for PBXProject "BankingProject" */ = {
			isa = XCConfigurationList;
			buildConfigurations = (
				18AD990229556480005B27BC /* Debug */,
				18AD990329556480005B27BC /* Release */,
			);
			defaultConfigurationIsVisible = 0;
			defaultConfigurationName = Release;
		};
		18AD990429556480005B27BC /* Build configuration list for PBXNativeTarget "BankingProject" */ = {
			isa = XCConfigurationList;
			buildConfigurations = (
				18AD990529556480005B27BC /* Debug */,
				18AD990629556480005B27BC /* Release */,
			);
			defaultConfigurationIsVisible = 0;
			defaultConfigurationName = Release;
		};
/* End XCConfigurationList section */
	};
	rootObject = 18AD98E82955647D005B27BC /* Project object */;
}
